
Microsoft Visual Studio Solution File, Format Version 12.00
# Visual Studio Version 17
VisualStudioVersion = 17.11.35327.3
MinimumVisualStudioVersion = 10.0.40219.1
Project("{FAE04EC0-301F-11D3-BF4B-00C04F79EFBC}") = "l,ru jh[dv sdhvhj", "l,ru jh[dv sdhvhj.csproj", "{DECD0293-5243-4DD2-B87A-226730341494}"
EndProject
Global
	GlobalSection(SolutionConfigurationPlatforms) = preSolution
		Debug|Any CPU = Debug|Any CPU
		Release|Any CPU = Release|Any CPU
	EndGlobalSection
	GlobalSection(ProjectConfigurationPlatforms) = postSolution
		{DECD0293-5243-4DD2-B87A-226730341494}.Debug|Any CPU.ActiveCfg = Debug|Any CPU
		{DECD0293-5243-4DD2-B87A-226730341494}.Debug|Any CPU.Build.0 = Debug|Any CPU
		{DECD0293-5243-4DD2-B87A-226730341494}.Release|Any CPU.ActiveCfg = Release|Any CPU
		{DECD0293-5243-4DD2-B87A-226730341494}.Release|Any CPU.Build.0 = Release|Any CPU
	EndGlobalSection
	GlobalSection(SolutionProperties) = preSolution
		HideSolutionNode = FALSE
	EndGlobalSection
	GlobalSection(ExtensibilityGlobals) = postSolution
		SolutionGuid = {D1F3A350-DD37-496F-AFC7-0224146E5B6D}
	EndGlobalSection
EndGlobal
